// !$*UTF8*$!
{
	archiveVersion = 1;
	classes = {
	};
	objectVersion = 56;
	objects = {

/* Begin PBXBuildFile section */
		270B5DB170EBB097C5033EEA /* Pods_sideMenu.framework in Frameworks */ = {isa = PBXBuildFile; fileRef = F3C91BED805126F40C9985DA /* Pods_sideMenu.framework */; };
		4309545A2AADA44A0050ECFC /* AppDelegate.swift in Sources */ = {isa = PBXBuildFile; fileRef = 430954592AADA44A0050ECFC /* AppDelegate.swift */; };
		4309545C2AADA44A0050ECFC /* SceneDelegate.swift in Sources */ = {isa = PBXBuildFile; fileRef = 4309545B2AADA44A0050ECFC /* SceneDelegate.swift */; };
		4309545E2AADA44A0050ECFC /* ViewController.swift in Sources */ = {isa = PBXBuildFile; fileRef = 4309545D2AADA44A0050ECFC /* ViewController.swift */; };
		430954612AADA44A0050ECFC /* Main.storyboard in Resources */ = {isa = PBXBuildFile; fileRef = 4309545F2AADA44A0050ECFC /* Main.storyboard */; };
		430954632AADA44B0050ECFC /* Assets.xcassets in Resources */ = {isa = PBXBuildFile; fileRef = 430954622AADA44B0050ECFC /* Assets.xcassets */; };
		430954662AADA44B0050ECFC /* LaunchScreen.storyboard in Resources */ = {isa = PBXBuildFile; fileRef = 430954642AADA44B0050ECFC /* LaunchScreen.storyboard */; };
		430954742AADAB840050ECFC /* MySideMenuNavigationController.swift in Sources */ = {isa = PBXBuildFile; fileRef = 430954732AADAB840050ECFC /* MySideMenuNavigationController.swift */; };
		430954762AADAFD80050ECFC /* SidemenuViewController.swift in Sources */ = {isa = PBXBuildFile; fileRef = 430954752AADAFD80050ECFC /* SidemenuViewController.swift */; };
		430954782AADB5FC0050ECFC /* LoginViewController.swift in Sources */ = {isa = PBXBuildFile; fileRef = 430954772AADB5FC0050ECFC /* LoginViewController.swift */; };
		4309547A2AADB6150050ECFC /* NoticeViewController.swift in Sources */ = {isa = PBXBuildFile; fileRef = 430954792AADB6150050ECFC /* NoticeViewController.swift */; };
/* End PBXBuildFile section */

/* Begin PBXFileReference section */
		25AE5AFFFA718CB702CE2877 /* Pods-sideMenu.release.xcconfig */ = {isa = PBXFileReference; includeInIndex = 1; lastKnownFileType = text.xcconfig; name = "Pods-sideMenu.release.xcconfig"; path = "Target Support Files/Pods-sideMenu/Pods-sideMenu.release.xcconfig"; sourceTree = "<group>"; };
		430954562AADA44A0050ECFC /* sideMenu.app */ = {isa = PBXFileReference; explicitFileType = wrapper.application; includeInIndex = 0; path = sideMenu.app; sourceTree = BUILT_PRODUCTS_DIR; };
		430954592AADA44A0050ECFC /* AppDelegate.swift */ = {isa = PBXFileReference; lastKnownFileType = sourcecode.swift; path = AppDelegate.swift; sourceTree = "<group>"; };
		4309545B2AADA44A0050ECFC /* SceneDelegate.swift */ = {isa = PBXFileReference; lastKnownFileType = sourcecode.swift; path = SceneDelegate.swift; sourceTree = "<group>"; };
		4309545D2AADA44A0050ECFC /* ViewController.swift */ = {isa = PBXFileReference; lastKnownFileType = sourcecode.swift; path = ViewController.swift; sourceTree = "<group>"; };
		430954602AADA44A0050ECFC /* Base */ = {isa = PBXFileReference; lastKnownFileType = file.storyboard; name = Base; path = Base.lproj/Main.storyboard; sourceTree = "<group>"; };
		430954622AADA44B0050ECFC /* Assets.xcassets */ = {isa = PBXFileReference; lastKnownFileType = folder.assetcatalog; path = Assets.xcassets; sourceTree = "<group>"; };
		430954652AADA44B0050ECFC /* Base */ = {isa = PBXFileReference; lastKnownFileType = file.storyboard; name = Base; path = Base.lproj/LaunchScreen.storyboard; sourceTree = "<group>"; };
		430954672AADA44B0050ECFC /* Info.plist */ = {isa = PBXFileReference; lastKnownFileType = text.plist.xml; path = Info.plist; sourceTree = "<group>"; };
		430954732AADAB840050ECFC /* MySideMenuNavigationController.swift */ = {isa = PBXFileReference; lastKnownFileType = sourcecode.swift; path = MySideMenuNavigationController.swift; sourceTree = "<group>"; };
		430954752AADAFD80050ECFC /* SidemenuViewController.swift */ = {isa = PBXFileReference; lastKnownFileType = sourcecode.swift; path = SidemenuViewController.swift; sourceTree = "<group>"; };
		430954772AADB5FC0050ECFC /* LoginViewController.swift */ = {isa = PBXFileReference; lastKnownFileType = sourcecode.swift; path = LoginViewController.swift; sourceTree = "<group>"; };
		430954792AADB6150050ECFC /* NoticeViewController.swift */ = {isa = PBXFileReference; lastKnownFileType = sourcecode.swift; path = NoticeViewController.swift; sourceTree = "<group>"; };
		F3C91BED805126F40C9985DA /* Pods_sideMenu.framework */ = {isa = PBXFileReference; explicitFileType = wrapper.framework; includeInIndex = 0; path = Pods_sideMenu.framework; sourceTree = BUILT_PRODUCTS_DIR; };
		F4A95C0AE78243C6E2BE35EE /* Pods-sideMenu.debug.xcconfig */ = {isa = PBXFileReference; includeInIndex = 1; lastKnownFileType = text.xcconfig; name = "Pods-sideMenu.debug.xcconfig"; path = "Target Support Files/Pods-sideMenu/Pods-sideMenu.debug.xcconfig"; sourceTree = "<group>"; };
/* End PBXFileReference section */

/* Begin PBXFrameworksBuildPhase section */
		430954532AADA44A0050ECFC /* Frameworks */ = {
			isa = PBXFrameworksBuildPhase;
			buildActionMask = 2147483647;
			files = (
				270B5DB170EBB097C5033EEA /* Pods_sideMenu.framework in Frameworks */,
			);
			runOnlyForDeploymentPostprocessing = 0;
		};
/* End PBXFrameworksBuildPhase section */

/* Begin PBXGroup section */
		0F23F0DC1D39AC4A59523D16 /* Pods */ = {
			isa = PBXGroup;
			children = (
				F4A95C0AE78243C6E2BE35EE /* Pods-sideMenu.debug.xcconfig */,
				25AE5AFFFA718CB702CE2877 /* Pods-sideMenu.release.xcconfig */,
			);
			path = Pods;
			sourceTree = "<group>";
		};
		394EED0B78659C318189112F /* Frameworks */ = {
			isa = PBXGroup;
			children = (
				F3C91BED805126F40C9985DA /* Pods_sideMenu.framework */,
			);
			name = Frameworks;
			sourceTree = "<group>";
		};
		4309544D2AADA44A0050ECFC = {
			isa = PBXGroup;
			children = (
				430954582AADA44A0050ECFC /* sideMenu */,
				430954572AADA44A0050ECFC /* Products */,
				0F23F0DC1D39AC4A59523D16 /* Pods */,
				394EED0B78659C318189112F /* Frameworks */,
			);
			sourceTree = "<group>";
		};
		430954572AADA44A0050ECFC /* Products */ = {
			isa = PBXGroup;
			children = (
				430954562AADA44A0050ECFC /* sideMenu.app */,
			);
			name = Products;
			sourceTree = "<group>";
		};
		430954582AADA44A0050ECFC /* sideMenu */ = {
			isa = PBXGroup;
			children = (
				430954592AADA44A0050ECFC /* AppDelegate.swift */,
				430954732AADAB840050ECFC /* MySideMenuNavigationController.swift */,
				4309545B2AADA44A0050ECFC /* SceneDelegate.swift */,
				4309545D2AADA44A0050ECFC /* ViewController.swift */,
				4309545F2AADA44A0050ECFC /* Main.storyboard */,
				430954772AADB5FC0050ECFC /* LoginViewController.swift */,
				430954792AADB6150050ECFC /* NoticeViewController.swift */,
				430954752AADAFD80050ECFC /* SidemenuViewController.swift */,
				430954622AADA44B0050ECFC /* Assets.xcassets */,
				430954642AADA44B0050ECFC /* LaunchScreen.storyboard */,
				430954672AADA44B0050ECFC /* Info.plist */,
			);
			path = sideMenu;
			sourceTree = "<group>";
		};
/* End PBXGroup section */

/* Begin PBXNativeTarget section */
		430954552AADA44A0050ECFC /* sideMenu */ = {
			isa = PBXNativeTarget;
			buildConfigurationList = 4309546A2AADA44B0050ECFC /* Build configuration list for PBXNativeTarget "sideMenu" */;
			buildPhases = (
				4582B1FC59E6C132DBCF7C3D /* [CP] Check Pods Manifest.lock */,
				430954522AADA44A0050ECFC /* Sources */,
				430954532AADA44A0050ECFC /* Frameworks */,
				430954542AADA44A0050ECFC /* Resources */,
				86952EFDBD5D75950CC48713 /* [CP] Embed Pods Frameworks */,
			);
			buildRules = (
			);
			dependencies = (
			);
			name = sideMenu;
			productName = sideMenu;
			productReference = 430954562AADA44A0050ECFC /* sideMenu.app */;
			productType = "com.apple.product-type.application";
		};
/* End PBXNativeTarget section */

/* Begin PBXProject section */
		4309544E2AADA44A0050ECFC /* Project object */ = {
			isa = PBXProject;
			attributes = {
				BuildIndependentTargetsInParallel = 1;
				LastSwiftUpdateCheck = 1430;
				LastUpgradeCheck = 1430;
				TargetAttributes = {
					430954552AADA44A0050ECFC = {
						CreatedOnToolsVersion = 14.3.1;
					};
				};
			};
			buildConfigurationList = 430954512AADA44A0050ECFC /* Build configuration list for PBXProject "sideMenu" */;
			compatibilityVersion = "Xcode 14.0";
			developmentRegion = en;
			hasScannedForEncodings = 0;
			knownRegions = (
				en,
				Base,
			);
			mainGroup = 4309544D2AADA44A0050ECFC;
			productRefGroup = 430954572AADA44A0050ECFC /* Products */;
			projectDirPath = "";
			projectRoot = "";
			targets = (
				430954552AADA44A0050ECFC /* sideMenu */,
			);
		};
/* End PBXProject section */

/* Begin PBXResourcesBuildPhase section */
		430954542AADA44A0050ECFC /* Resources */ = {
			isa = PBXResourcesBuildPhase;
			buildActionMask = 2147483647;
			files = (
				430954662AADA44B0050ECFC /* LaunchScreen.storyboard in Resources */,
				430954632AADA44B0050ECFC /* Assets.xcassets in Resources */,
				430954612AADA44A0050ECFC /* Main.storyboard in Resources */,
			);
			runOnlyForDeploymentPostprocessing = 0;
		};
/* End PBXResourcesBuildPhase section */

/* Begin PBXShellScriptBuildPhase section */
		4582B1FC59E6C132DBCF7C3D /* [CP] Check Pods Manifest.lock */ = {
			isa = PBXShellScriptBuildPhase;
			buildActionMask = 2147483647;
			files = (
			);
			inputFileListPaths = (
			);
			inputPaths = (
				"${PODS_PODFILE_DIR_PATH}/Podfile.lock",
				"${PODS_ROOT}/Manifest.lock",
			);
			name = "[CP] Check Pods Manifest.lock";
			outputFileListPaths = (
			);
			outputPaths = (
				"$(DERIVED_FILE_DIR)/Pods-sideMenu-checkManifestLockResult.txt",
			);
			runOnlyForDeploymentPostprocessing = 0;
			shellPath = /bin/sh;
			shellScript = "diff \"${PODS_PODFILE_DIR_PATH}/Podfile.lock\" \"${PODS_ROOT}/Manifest.lock\" > /dev/null\nif [ $? != 0 ] ; then\n    # print error to STDERR\n    echo \"error: The sandbox is not in sync with the Podfile.lock. Run 'pod install' or update your CocoaPods installation.\" >&2\n    exit 1\nfi\n# This output is used by Xcode 'outputs' to avoid re-running this script phase.\necho \"SUCCESS\" > \"${SCRIPT_OUTPUT_FILE_0}\"\n";
			showEnvVarsInLog = 0;
		};
		86952EFDBD5D75950CC48713 /* [CP] Embed Pods Frameworks */ = {
			isa = PBXShellScriptBuildPhase;
			buildActionMask = 2147483647;
			files = (
			);
			inputFileListPaths = (
				"${PODS_ROOT}/Target Support Files/Pods-sideMenu/Pods-sideMenu-frameworks-${CONFIGURATION}-input-files.xcfilelist",
			);
			name = "[CP] Embed Pods Frameworks";
			outputFileListPaths = (
				"${PODS_ROOT}/Target Support Files/Pods-sideMenu/Pods-sideMenu-frameworks-${CONFIGURATION}-output-files.xcfilelist",
			);
			runOnlyForDeploymentPostprocessing = 0;
			shellPath = /bin/sh;
			shellScript = "\"${PODS_ROOT}/Target Support Files/Pods-sideMenu/Pods-sideMenu-frameworks.sh\"\n";
			showEnvVarsInLog = 0;
		};
/* End PBXShellScriptBuildPhase section */

/* Begin PBXSourcesBuildPhase section */
		430954522AADA44A0050ECFC /* Sources */ = {
			isa = PBXSourcesBuildPhase;
			buildActionMask = 2147483647;
			files = (
				430954782AADB5FC0050ECFC /* LoginViewController.swift in Sources */,
				430954762AADAFD80050ECFC /* SidemenuViewController.swift in Sources */,
				4309545E2AADA44A0050ECFC /* ViewController.swift in Sources */,
				4309547A2AADB6150050ECFC /* NoticeViewController.swift in Sources */,
				4309545A2AADA44A0050ECFC /* AppDelegate.swift in Sources */,
				4309545C2AADA44A0050ECFC /* SceneDelegate.swift in Sources */,
				430954742AADAB840050ECFC /* MySideMenuNavigationController.swift in Sources */,
			);
			runOnlyForDeploymentPostprocessing = 0;
		};
/* End PBXSourcesBuildPhase section */

/* Begin PBXVariantGroup section */
		4309545F2AADA44A0050ECFC /* Main.storyboard */ = {
			isa = PBXVariantGroup;
			children = (
				430954602AADA44A0050ECFC /* Base */,
			);
			name = Main.storyboard;
			sourceTree = "<group>";
		};
		430954642AADA44B0050ECFC /* LaunchScreen.storyboard */ = {
			isa = PBXVariantGroup;
			children = (
				430954652AADA44B0050ECFC /* Base */,
			);
			name = LaunchScreen.storyboard;
			sourceTree = "<group>";
		};
/* End PBXVariantGroup section */

/* Begin XCBuildConfiguration section */
		430954682AADA44B0050ECFC /* Debug */ = {
			isa = XCBuildConfiguration;
			buildSettings = {
				ALWAYS_SEARCH_USER_PATHS = NO;
				CLANG_ANALYZER_NONNULL = YES;
				CLANG_ANALYZER_NUMBER_OBJECT_CONVERSION = YES_AGGRESSIVE;
				CLANG_CXX_LANGUAGE_STANDARD = "gnu++20";
				CLANG_ENABLE_MODULES = YES;
				CLANG_ENABLE_OBJC_ARC = YES;
				CLANG_ENABLE_OBJC_WEAK = YES;
				CLANG_WARN_BLOCK_CAPTURE_AUTORELEASING = YES;
				CLANG_WARN_BOOL_CONVERSION = YES;
				CLANG_WARN_COMMA = YES;
				CLANG_WARN_CONSTANT_CONVERSION = YES;
				CLANG_WARN_DEPRECATED_OBJC_IMPLEMENTATIONS = YES;
				CLANG_WARN_DIRECT_OBJC_ISA_USAGE = YES_ERROR;
				CLANG_WARN_DOCUMENTATION_COMMENTS = YES;
				CLANG_WARN_EMPTY_BODY = YES;
				CLANG_WARN_ENUM_CONVERSION = YES;
				CLANG_WARN_INFINITE_RECURSION = YES;
				CLANG_WARN_INT_CONVERSION = YES;
				CLANG_WARN_NON_LITERAL_NULL_CONVERSION = YES;
				CLANG_WARN_OBJC_IMPLICIT_RETAIN_SELF = YES;
				CLANG_WARN_OBJC_LITERAL_CONVERSION = YES;
				CLANG_WARN_OBJC_ROOT_CLASS = YES_ERROR;
				CLANG_WARN_QUOTED_INCLUDE_IN_FRAMEWORK_HEADER = YES;
				CLANG_WARN_RANGE_LOOP_ANALYSIS = YES;
				CLANG_WARN_STRICT_PROTOTYPES = YES;
				CLANG_WARN_SUSPICIOUS_MOVE = YES;
				CLANG_WARN_UNGUARDED_AVAILABILITY = YES_AGGRESSIVE;
				CLANG_WARN_UNREACHABLE_CODE = YES;
				CLANG_WARN__DUPLICATE_METHOD_MATCH = YES;
				COPY_PHASE_STRIP = NO;
				DEBUG_INFORMATION_FORMAT = dwarf;
				ENABLE_STRICT_OBJC_MSGSEND = YES;
				ENABLE_TESTABILITY = YES;
				GCC_C_LANGUAGE_STANDARD = gnu11;
				GCC_DYNAMIC_NO_PIC = NO;
				GCC_NO_COMMON_BLOCKS = YES;
				GCC_OPTIMIZATION_LEVEL = 0;
				GCC_PREPROCESSOR_DEFINITIONS = (
					"DEBUG=1",
					"$(inherited)",
				);
				GCC_WARN_64_TO_32_BIT_CONVERSION = YES;
				GCC_WARN_ABOUT_RETURN_TYPE = YES_ERROR;
				GCC_WARN_UNDECLARED_SELECTOR = YES;
				GCC_WARN_UNINITIALIZED_AUTOS = YES_AGGRESSIVE;
				GCC_WARN_UNUSED_FUNCTION = YES;
				GCC_WARN_UNUSED_VARIABLE = YES;
				IPHONEOS_DEPLOYMENT_TARGET = 16.4;
				MTL_ENABLE_DEBUG_INFO = INCLUDE_SOURCE;
				MTL_FAST_MATH = YES;
				ONLY_ACTIVE_ARCH = YES;
				SDKROOT = iphoneos;
				SWIFT_ACTIVE_COMPILATION_CONDITIONS = DEBUG;
				SWIFT_OPTIMIZATION_LEVEL = "-Onone";
			};
			name = Debug;
		};
		430954692AADA44B0050ECFC /* Release */ = {
			isa = XCBuildConfiguration;
			buildSettings = {
				ALWAYS_SEARCH_USER_PATHS = NO;
				CLANG_ANALYZER_NONNULL = YES;
				CLANG_ANALYZER_NUMBER_OBJECT_CONVERSION = YES_AGGRESSIVE;
				CLANG_CXX_LANGUAGE_STANDARD = "gnu++20";
				CLANG_ENABLE_MODULES = YES;
				CLANG_ENABLE_OBJC_ARC = YES;
				CLANG_ENABLE_OBJC_WEAK = YES;
				CLANG_WARN_BLOCK_CAPTURE_AUTORELEASING = YES;
				CLANG_WARN_BOOL_CONVERSION = YES;
				CLANG_WARN_COMMA = YES;
				CLANG_WARN_CONSTANT_CONVERSION = YES;
				CLANG_WARN_DEPRECATED_OBJC_IMPLEMENTATIONS = YES;
				CLANG_WARN_DIRECT_OBJC_ISA_USAGE = YES_ERROR;
				CLANG_WARN_DOCUMENTATION_COMMENTS = YES;
				CLANG_WARN_EMPTY_BODY = YES;
				CLANG_WARN_ENUM_CONVERSION = YES;
				CLANG_WARN_INFINITE_RECURSION = YES;
				CLANG_WARN_INT_CONVERSION = YES;
				CLANG_WARN_NON_LITERAL_NULL_CONVERSION = YES;
				CLANG_WARN_OBJC_IMPLICIT_RETAIN_SELF = YES;
				CLANG_WARN_OBJC_LITERAL_CONVERSION = YES;
				CLANG_WARN_OBJC_ROOT_CLASS = YES_ERROR;
				CLANG_WARN_QUOTED_INCLUDE_IN_FRAMEWORK_HEADER = YES;
				CLANG_WARN_RANGE_LOOP_ANALYSIS = YES;
				CLANG_WARN_STRICT_PROTOTYPES = YES;
				CLANG_WARN_SUSPICIOUS_MOVE = YES;
				CLANG_WARN_UNGUARDED_AVAILABILITY = YES_AGGRESSIVE;
				CLANG_WARN_UNREACHABLE_CODE = YES;
				CLANG_WARN__DUPLICATE_METHOD_MATCH = YES;
				COPY_PHASE_STRIP = NO;
				DEBUG_INFORMATION_FORMAT = "dwarf-with-dsym";
				ENABLE_NS_ASSERTIONS = NO;
				ENABLE_STRICT_OBJC_MSGSEND = YES;
				GCC_C_LANGUAGE_STANDARD = gnu11;
				GCC_NO_COMMON_BLOCKS = YES;
				GCC_WARN_64_TO_32_BIT_CONVERSION = YES;
				GCC_WARN_ABOUT_RETURN_TYPE = YES_ERROR;
				GCC_WARN_UNDECLARED_SELECTOR = YES;
				GCC_WARN_UNINITIALIZED_AUTOS = YES_AGGRESSIVE;
				GCC_WARN_UNUSED_FUNCTION = YES;
				GCC_WARN_UNUSED_VARIABLE = YES;
				IPHONEOS_DEPLOYMENT_TARGET = 16.4;
				MTL_ENABLE_DEBUG_INFO = NO;
				MTL_FAST_MATH = YES;
				SDKROOT = iphoneos;
				SWIFT_COMPILATION_MODE = wholemodule;
				SWIFT_OPTIMIZATION_LEVEL = "-O";
				VALIDATE_PRODUCT = YES;
			};
			name = Release;
		};
		4309546B2AADA44B0050ECFC /* Debug */ = {
			isa = XCBuildConfiguration;
			baseConfigurationReference = F4A95C0AE78243C6E2BE35EE /* Pods-sideMenu.debug.xcconfig */;
			buildSettings = {
				ASSETCATALOG_COMPILER_APPICON_NAME = AppIcon;
				ASSETCATALOG_COMPILER_GLOBAL_ACCENT_COLOR_NAME = AccentColor;
				CODE_SIGN_STYLE = Automatic;
				CURRENT_PROJECT_VERSION = 1;
				DEVELOPMENT_TEAM = 2H7R2T3B5Y;
				GENERATE_INFOPLIST_FILE = YES;
				INFOPLIST_FILE = sideMenu/Info.plist;
				INFOPLIST_KEY_UIApplicationSupportsIndirectInputEvents = YES;
				INFOPLIST_KEY_UILaunchStoryboardName = LaunchScreen;
				INFOPLIST_KEY_UIMainStoryboardFile = Main;
				INFOPLIST_KEY_UISupportedInterfaceOrientations_iPad = "UIInterfaceOrientationPortrait UIInterfaceOrientationPortraitUpsideDown UIInterfaceOrientationLandscapeLeft UIInterfaceOrientationLandscapeRight";
				INFOPLIST_KEY_UISupportedInterfaceOrientations_iPhone = "UIInterfaceOrientationPortrait UIInterfaceOrientationLandscapeLeft UIInterfaceOrientationLandscapeRight";
				LD_RUNPATH_SEARCH_PATHS = (
					"$(inherited)",
					"@executable_path/Frameworks",
				);
				MARKETING_VERSION = 1.0;
				PRODUCT_BUNDLE_IDENTIFIER = com.study.sideMenu;
				PRODUCT_NAME = "$(TARGET_NAME)";
				SWIFT_EMIT_LOC_STRINGS = YES;
				SWIFT_VERSION = 5.0;
				TARGETED_DEVICE_FAMILY = "1,2";
			};
			name = Debug;
		};
		4309546C2AADA44B0050ECFC /* Release */ = {
			isa = XCBuildConfiguration;
			baseConfigurationReference = 25AE5AFFFA718CB702CE2877 /* Pods-sideMenu.release.xcconfig */;
			buildSettings = {
				ASSETCATALOG_COMPILER_APPICON_NAME = AppIcon;
				ASSETCATALOG_COMPILER_GLOBAL_ACCENT_COLOR_NAME = AccentColor;
				CODE_SIGN_STYLE = Automatic;
				CURRENT_PROJECT_VERSION = 1;
				DEVELOPMENT_TEAM = 2H7R2T3B5Y;
				GENERATE_INFOPLIST_FILE = YES;
				INFOPLIST_FILE = sideMenu/Info.plist;
				INFOPLIST_KEY_UIApplicationSupportsIndirectInputEvents = YES;
				INFOPLIST_KEY_UILaunchStoryboardName = LaunchScreen;
				INFOPLIST_KEY_UIMainStoryboardFile = Main;
				INFOPLIST_KEY_UISupportedInterfaceOrientations_iPad = "UIInterfaceOrientationPortrait UIInterfaceOrientationPortraitUpsideDown UIInterfaceOrientationLandscapeLeft UIInterfaceOrientationLandscapeRight";
				INFOPLIST_KEY_UISupportedInterfaceOrientations_iPhone = "UIInterfaceOrientationPortrait UIInterfaceOrientationLandscapeLeft UIInterfaceOrientationLandscapeRight";
				LD_RUNPATH_SEARCH_PATHS = (
					"$(inherited)",
					"@executable_path/Frameworks",
				);
				MARKETING_VERSION = 1.0;
				PRODUCT_BUNDLE_IDENTIFIER = com.study.sideMenu;
				PRODUCT_NAME = "$(TARGET_NAME)";
				SWIFT_EMIT_LOC_STRINGS = YES;
				SWIFT_VERSION = 5.0;
				TARGETED_DEVICE_FAMILY = "1,2";
			};
			name = Release;
		};
/* End XCBuildConfiguration section */

/* Begin XCConfigurationList section */
		430954512AADA44A0050ECFC /* Build configuration list for PBXProject "sideMenu" */ = {
			isa = XCConfigurationList;
			buildConfigurations = (
				430954682AADA44B0050ECFC /* Debug */,
				430954692AADA44B0050ECFC /* Release */,
			);
			defaultConfigurationIsVisible = 0;
			defaultConfigurationName = Release;
		};
		4309546A2AADA44B0050ECFC /* Build configuration list for PBXNativeTarget "sideMenu" */ = {
			isa = XCConfigurationList;
			buildConfigurations = (
				4309546B2AADA44B0050ECFC /* Debug */,
				4309546C2AADA44B0050ECFC /* Release */,
			);
			defaultConfigurationIsVisible = 0;
			defaultConfigurationName = Release;
		};
/* End XCConfigurationList section */
	};
	rootObject = 4309544E2AADA44A0050ECFC /* Project object */;
}
